
Microsoft Visual Studio Solution File, Format Version 12.00
# Visual Studio Version 17
VisualStudioVersion = 17.14.36518.9
MinimumVisualStudioVersion = 10.0.40219.1
Project("{FAE04EC0-301F-11D3-BF4B-00C04F79EFBC}") = "Lab4", "Lab1\Lab4.csproj", "{36084ED0-C977-4139-9406-C2BF32BA3111}"
EndProject
Global
	GlobalSection(SolutionConfigurationPlatforms) = preSolution
		Debug|Any CPU = Debug|Any CPU
		Release|Any CPU = Release|Any CPU
	EndGlobalSection
	GlobalSection(ProjectConfigurationPlatforms) = postSolution
		{36084ED0-C977-4139-9406-C2BF32BA3111}.Debug|Any CPU.ActiveCfg = Debug|Any CPU
		{36084ED0-C977-4139-9406-C2BF32BA3111}.Debug|Any CPU.Build.0 = Debug|Any CPU
		{36084ED0-C977-4139-9406-C2BF32BA3111}.Release|Any CPU.ActiveCfg = Release|Any CPU
		{36084ED0-C977-4139-9406-C2BF32BA3111}.Release|Any CPU.Build.0 = Release|Any CPU
	EndGlobalSection
	GlobalSection(SolutionProperties) = preSolution
		HideSolutionNode = FALSE
	EndGlobalSection
	GlobalSection(ExtensibilityGlobals) = postSolution
		SolutionGuid = {0FD1C303-B345-470D-9C64-E0D404411717}
	EndGlobalSection
EndGlobal
