
Microsoft Visual Studio Solution File, Format Version 12.00
# Visual Studio Version 17
VisualStudioVersion = 17.14.36518.9 d17.14
MinimumVisualStudioVersion = 10.0.40219.1
Project("{FAE04EC0-301F-11D3-BF4B-00C04F79EFBC}") = "movie-actors-api", "movie-actors-api\movie-actors-api.csproj", "{BB4083FE-75C9-474B-A0AD-14BC9B730938}"
EndProject
Global
	GlobalSection(SolutionConfigurationPlatforms) = preSolution
		Debug|Any CPU = Debug|Any CPU
		Release|Any CPU = Release|Any CPU
	EndGlobalSection
	GlobalSection(ProjectConfigurationPlatforms) = postSolution
		{BB4083FE-75C9-474B-A0AD-14BC9B730938}.Debug|Any CPU.ActiveCfg = Debug|Any CPU
		{BB4083FE-75C9-474B-A0AD-14BC9B730938}.Debug|Any CPU.Build.0 = Debug|Any CPU
		{BB4083FE-75C9-474B-A0AD-14BC9B730938}.Release|Any CPU.ActiveCfg = Release|Any CPU
		{BB4083FE-75C9-474B-A0AD-14BC9B730938}.Release|Any CPU.Build.0 = Release|Any CPU
	EndGlobalSection
	GlobalSection(SolutionProperties) = preSolution
		HideSolutionNode = FALSE
	EndGlobalSection
	GlobalSection(ExtensibilityGlobals) = postSolution
		SolutionGuid = {C58B5ED8-835E-4717-989E-CE19211BF380}
	EndGlobalSection
EndGlobal
